// !$*UTF8*$!
{
	archiveVersion = 1;
	classes = {
	};
	objectVersion = 46;
	objects = {

/* Begin PBXBuildFile section */
		4043403B1D3D95B7005A7B87 /* main.m in Sources */ = {isa = PBXBuildFile; fileRef = 4043403A1D3D95B7005A7B87 /* main.m */; };
		4043403E1D3D95B7005A7B87 /* AppDelegate.m in Sources */ = {isa = PBXBuildFile; fileRef = 4043403D1D3D95B7005A7B87 /* AppDelegate.m */; };
		404340411D3D95B7005A7B87 /* ViewController.m in Sources */ = {isa = PBXBuildFile; fileRef = 404340401D3D95B7005A7B87 /* ViewController.m */; };
		404340441D3D95B7005A7B87 /* Main.storyboard in Resources */ = {isa = PBXBuildFile; fileRef = 404340421D3D95B7005A7B87 /* Main.storyboard */; };
		404340461D3D95B7005A7B87 /* Assets.xcassets in Resources */ = {isa = PBXBuildFile; fileRef = 404340451D3D95B7005A7B87 /* Assets.xcassets */; };
		404340491D3D95B7005A7B87 /* LaunchScreen.storyboard in Resources */ = {isa = PBXBuildFile; fileRef = 404340471D3D95B7005A7B87 /* LaunchScreen.storyboard */; };
		404340541D3D95B7005A7B87 /* RottenMangoesTests.m in Sources */ = {isa = PBXBuildFile; fileRef = 404340531D3D95B7005A7B87 /* RottenMangoesTests.m */; };
		4043405F1D3D95B7005A7B87 /* RottenMangoesUITests.m in Sources */ = {isa = PBXBuildFile; fileRef = 4043405E1D3D95B7005A7B87 /* RottenMangoesUITests.m */; };
		4043406E1D3D95CC005A7B87 /* MyCollectionViewCell.m in Sources */ = {isa = PBXBuildFile; fileRef = 4043406D1D3D95CC005A7B87 /* MyCollectionViewCell.m */; };
		404340741D3D95E6005A7B87 /* Movies.m in Sources */ = {isa = PBXBuildFile; fileRef = 404340731D3D95E6005A7B87 /* Movies.m */; };
		404340771D3DA5C1005A7B87 /* ReviewViewController.m in Sources */ = {isa = PBXBuildFile; fileRef = 404340761D3DA5C1005A7B87 /* ReviewViewController.m */; };
		406D71791D3EB0C700B25FF1 /* MapViewController.m in Sources */ = {isa = PBXBuildFile; fileRef = 406D71781D3EB0C700B25FF1 /* MapViewController.m */; };
		406D717F1D3EB1AD00B25FF1 /* MyLocationManager.m in Sources */ = {isa = PBXBuildFile; fileRef = 406D717E1D3EB1AD00B25FF1 /* MyLocationManager.m */; };
		406D71841D3EB2D000B25FF1 /* CoreLocation.framework in Frameworks */ = {isa = PBXBuildFile; fileRef = 406D71831D3EB2D000B25FF1 /* CoreLocation.framework */; };
		406D71861D3EB2D500B25FF1 /* MapKit.framework in Frameworks */ = {isa = PBXBuildFile; fileRef = 406D71851D3EB2D500B25FF1 /* MapKit.framework */; };
		406D71891D3EB49E00B25FF1 /* Venue.m in Sources */ = {isa = PBXBuildFile; fileRef = 406D71881D3EB49E00B25FF1 /* Venue.m */; };
		406D718C1D3EDC4200B25FF1 /* MovieLocationManager.m in Sources */ = {isa = PBXBuildFile; fileRef = 406D718B1D3EDC4200B25FF1 /* MovieLocationManager.m */; };
/* End PBXBuildFile section */

/* Begin PBXContainerItemProxy section */
		404340501D3D95B7005A7B87 /* PBXContainerItemProxy */ = {
			isa = PBXContainerItemProxy;
			containerPortal = 4043402E1D3D95B7005A7B87 /* Project object */;
			proxyType = 1;
			remoteGlobalIDString = 404340351D3D95B7005A7B87;
			remoteInfo = RottenMangoes;
		};
		4043405B1D3D95B7005A7B87 /* PBXContainerItemProxy */ = {
			isa = PBXContainerItemProxy;
			containerPortal = 4043402E1D3D95B7005A7B87 /* Project object */;
			proxyType = 1;
			remoteGlobalIDString = 404340351D3D95B7005A7B87;
			remoteInfo = RottenMangoes;
		};
/* End PBXContainerItemProxy section */

/* Begin PBXFileReference section */
		404340361D3D95B7005A7B87 /* RottenMangoes.app */ = {isa = PBXFileReference; explicitFileType = wrapper.application; includeInIndex = 0; path = RottenMangoes.app; sourceTree = BUILT_PRODUCTS_DIR; };
		4043403A1D3D95B7005A7B87 /* main.m */ = {isa = PBXFileReference; lastKnownFileType = sourcecode.c.objc; path = main.m; sourceTree = "<group>"; };
		4043403C1D3D95B7005A7B87 /* AppDelegate.h */ = {isa = PBXFileReference; lastKnownFileType = sourcecode.c.h; path = AppDelegate.h; sourceTree = "<group>"; };
		4043403D1D3D95B7005A7B87 /* AppDelegate.m */ = {isa = PBXFileReference; lastKnownFileType = sourcecode.c.objc; path = AppDelegate.m; sourceTree = "<group>"; };
		4043403F1D3D95B7005A7B87 /* ViewController.h */ = {isa = PBXFileReference; lastKnownFileType = sourcecode.c.h; path = ViewController.h; sourceTree = "<group>"; };
		404340401D3D95B7005A7B87 /* ViewController.m */ = {isa = PBXFileReference; lastKnownFileType = sourcecode.c.objc; path = ViewController.m; sourceTree = "<group>"; };
		404340431D3D95B7005A7B87 /* Base */ = {isa = PBXFileReference; lastKnownFileType = file.storyboard; name = Base; path = Base.lproj/Main.storyboard; sourceTree = "<group>"; };
		404340451D3D95B7005A7B87 /* Assets.xcassets */ = {isa = PBXFileReference; lastKnownFileType = folder.assetcatalog; path = Assets.xcassets; sourceTree = "<group>"; };
		404340481D3D95B7005A7B87 /* Base */ = {isa = PBXFileReference; lastKnownFileType = file.storyboard; name = Base; path = Base.lproj/LaunchScreen.storyboard; sourceTree = "<group>"; };
		4043404A1D3D95B7005A7B87 /* Info.plist */ = {isa = PBXFileReference; lastKnownFileType = text.plist.xml; path = Info.plist; sourceTree = "<group>"; };
		4043404F1D3D95B7005A7B87 /* RottenMangoesTests.xctest */ = {isa = PBXFileReference; explicitFileType = wrapper.cfbundle; includeInIndex = 0; path = RottenMangoesTests.xctest; sourceTree = BUILT_PRODUCTS_DIR; };
		404340531D3D95B7005A7B87 /* RottenMangoesTests.m */ = {isa = PBXFileReference; lastKnownFileType = sourcecode.c.objc; path = RottenMangoesTests.m; sourceTree = "<group>"; };
		404340551D3D95B7005A7B87 /* Info.plist */ = {isa = PBXFileReference; lastKnownFileType = text.plist.xml; path = Info.plist; sourceTree = "<group>"; };
		4043405A1D3D95B7005A7B87 /* RottenMangoesUITests.xctest */ = {isa = PBXFileReference; explicitFileType = wrapper.cfbundle; includeInIndex = 0; path = RottenMangoesUITests.xctest; sourceTree = BUILT_PRODUCTS_DIR; };
		4043405E1D3D95B7005A7B87 /* RottenMangoesUITests.m */ = {isa = PBXFileReference; lastKnownFileType = sourcecode.c.objc; path = RottenMangoesUITests.m; sourceTree = "<group>"; };
		404340601D3D95B7005A7B87 /* Info.plist */ = {isa = PBXFileReference; lastKnownFileType = text.plist.xml; path = Info.plist; sourceTree = "<group>"; };
		4043406C1D3D95CC005A7B87 /* MyCollectionViewCell.h */ = {isa = PBXFileReference; fileEncoding = 4; lastKnownFileType = sourcecode.c.h; path = MyCollectionViewCell.h; sourceTree = "<group>"; };
		4043406D1D3D95CC005A7B87 /* MyCollectionViewCell.m */ = {isa = PBXFileReference; fileEncoding = 4; lastKnownFileType = sourcecode.c.objc; path = MyCollectionViewCell.m; sourceTree = "<group>"; };
		404340721D3D95E6005A7B87 /* Movies.h */ = {isa = PBXFileReference; fileEncoding = 4; lastKnownFileType = sourcecode.c.h; path = Movies.h; sourceTree = "<group>"; };
		404340731D3D95E6005A7B87 /* Movies.m */ = {isa = PBXFileReference; fileEncoding = 4; lastKnownFileType = sourcecode.c.objc; path = Movies.m; sourceTree = "<group>"; };
		404340751D3DA5C1005A7B87 /* ReviewViewController.h */ = {isa = PBXFileReference; fileEncoding = 4; lastKnownFileType = sourcecode.c.h; path = ReviewViewController.h; sourceTree = "<group>"; };
		404340761D3DA5C1005A7B87 /* ReviewViewController.m */ = {isa = PBXFileReference; fileEncoding = 4; lastKnownFileType = sourcecode.c.objc; path = ReviewViewController.m; sourceTree = "<group>"; };
		406D71771D3EB0C700B25FF1 /* MapViewController.h */ = {isa = PBXFileReference; fileEncoding = 4; lastKnownFileType = sourcecode.c.h; path = MapViewController.h; sourceTree = "<group>"; };
		406D71781D3EB0C700B25FF1 /* MapViewController.m */ = {isa = PBXFileReference; fileEncoding = 4; lastKnownFileType = sourcecode.c.objc; path = MapViewController.m; sourceTree = "<group>"; };
		406D717D1D3EB1AD00B25FF1 /* MyLocationManager.h */ = {isa = PBXFileReference; fileEncoding = 4; lastKnownFileType = sourcecode.c.h; path = MyLocationManager.h; sourceTree = "<group>"; };
		406D717E1D3EB1AD00B25FF1 /* MyLocationManager.m */ = {isa = PBXFileReference; fileEncoding = 4; lastKnownFileType = sourcecode.c.objc; path = MyLocationManager.m; sourceTree = "<group>"; };
		406D71831D3EB2D000B25FF1 /* CoreLocation.framework */ = {isa = PBXFileReference; lastKnownFileType = wrapper.framework; name = CoreLocation.framework; path = System/Library/Frameworks/CoreLocation.framework; sourceTree = SDKROOT; };
		406D71851D3EB2D500B25FF1 /* MapKit.framework */ = {isa = PBXFileReference; lastKnownFileType = wrapper.framework; name = MapKit.framework; path = System/Library/Frameworks/MapKit.framework; sourceTree = SDKROOT; };
		406D71871D3EB49E00B25FF1 /* Venue.h */ = {isa = PBXFileReference; fileEncoding = 4; lastKnownFileType = sourcecode.c.h; path = Venue.h; sourceTree = "<group>"; };
		406D71881D3EB49E00B25FF1 /* Venue.m */ = {isa = PBXFileReference; fileEncoding = 4; lastKnownFileType = sourcecode.c.objc; path = Venue.m; sourceTree = "<group>"; };
		406D718A1D3EDC4200B25FF1 /* MovieLocationManager.h */ = {isa = PBXFileReference; fileEncoding = 4; lastKnownFileType = sourcecode.c.h; path = MovieLocationManager.h; sourceTree = "<group>"; };
		406D718B1D3EDC4200B25FF1 /* MovieLocationManager.m */ = {isa = PBXFileReference; fileEncoding = 4; lastKnownFileType = sourcecode.c.objc; path = MovieLocationManager.m; sourceTree = "<group>"; };
/* End PBXFileReference section */

/* Begin PBXFrameworksBuildPhase section */
		404340331D3D95B7005A7B87 /* Frameworks */ = {
			isa = PBXFrameworksBuildPhase;
			buildActionMask = 2147483647;
			files = (
				406D71861D3EB2D500B25FF1 /* MapKit.framework in Frameworks */,
				406D71841D3EB2D000B25FF1 /* CoreLocation.framework in Frameworks */,
			);
			runOnlyForDeploymentPostprocessing = 0;
		};
		4043404C1D3D95B7005A7B87 /* Frameworks */ = {
			isa = PBXFrameworksBuildPhase;
			buildActionMask = 2147483647;
			files = (
			);
			runOnlyForDeploymentPostprocessing = 0;
		};
		404340571D3D95B7005A7B87 /* Frameworks */ = {
			isa = PBXFrameworksBuildPhase;
			buildActionMask = 2147483647;
			files = (
			);
			runOnlyForDeploymentPostprocessing = 0;
		};
/* End PBXFrameworksBuildPhase section */

/* Begin PBXGroup section */
		4043402D1D3D95B7005A7B87 = {
			isa = PBXGroup;
			children = (
				406D71851D3EB2D500B25FF1 /* MapKit.framework */,
				406D71831D3EB2D000B25FF1 /* CoreLocation.framework */,
				404340381D3D95B7005A7B87 /* RottenMangoes */,
				404340521D3D95B7005A7B87 /* RottenMangoesTests */,
				4043405D1D3D95B7005A7B87 /* RottenMangoesUITests */,
				404340371D3D95B7005A7B87 /* Products */,
			);
			sourceTree = "<group>";
		};
		404340371D3D95B7005A7B87 /* Products */ = {
			isa = PBXGroup;
			children = (
				404340361D3D95B7005A7B87 /* RottenMangoes.app */,
				4043404F1D3D95B7005A7B87 /* RottenMangoesTests.xctest */,
				4043405A1D3D95B7005A7B87 /* RottenMangoesUITests.xctest */,
			);
			name = Products;
			sourceTree = "<group>";
		};
		404340381D3D95B7005A7B87 /* RottenMangoes */ = {
			isa = PBXGroup;
			children = (
				406D717C1D3EB15100B25FF1 /* Model */,
				406D717B1D3EB15100B25FF1 /* View */,
				406D717A1D3EB15000B25FF1 /* Controller */,
				404340391D3D95B7005A7B87 /* Supporting Files */,
			);
			path = RottenMangoes;
			sourceTree = "<group>";
		};
		404340391D3D95B7005A7B87 /* Supporting Files */ = {
			isa = PBXGroup;
			children = (
				4043403A1D3D95B7005A7B87 /* main.m */,
			);
			name = "Supporting Files";
			sourceTree = "<group>";
		};
		404340521D3D95B7005A7B87 /* RottenMangoesTests */ = {
			isa = PBXGroup;
			children = (
				404340531D3D95B7005A7B87 /* RottenMangoesTests.m */,
				404340551D3D95B7005A7B87 /* Info.plist */,
			);
			path = RottenMangoesTests;
			sourceTree = "<group>";
		};
		4043405D1D3D95B7005A7B87 /* RottenMangoesUITests */ = {
			isa = PBXGroup;
			children = (
				4043405E1D3D95B7005A7B87 /* RottenMangoesUITests.m */,
				404340601D3D95B7005A7B87 /* Info.plist */,
			);
			path = RottenMangoesUITests;
			sourceTree = "<group>";
		};
		406D717A1D3EB15000B25FF1 /* Controller */ = {
			isa = PBXGroup;
			children = (
				4043403F1D3D95B7005A7B87 /* ViewController.h */,
				404340401D3D95B7005A7B87 /* ViewController.m */,
				404340751D3DA5C1005A7B87 /* ReviewViewController.h */,
				404340761D3DA5C1005A7B87 /* ReviewViewController.m */,
				406D71771D3EB0C700B25FF1 /* MapViewController.h */,
				406D71781D3EB0C700B25FF1 /* MapViewController.m */,
			);
			name = Controller;
			sourceTree = "<group>";
		};
		406D717B1D3EB15100B25FF1 /* View */ = {
			isa = PBXGroup;
			children = (
				4043406C1D3D95CC005A7B87 /* MyCollectionViewCell.h */,
				4043406D1D3D95CC005A7B87 /* MyCollectionViewCell.m */,
				404340421D3D95B7005A7B87 /* Main.storyboard */,
				404340451D3D95B7005A7B87 /* Assets.xcassets */,
				404340471D3D95B7005A7B87 /* LaunchScreen.storyboard */,
			);
			name = View;
			sourceTree = "<group>";
		};
		406D717C1D3EB15100B25FF1 /* Model */ = {
			isa = PBXGroup;
			children = (
				4043403C1D3D95B7005A7B87 /* AppDelegate.h */,
				4043403D1D3D95B7005A7B87 /* AppDelegate.m */,
				404340721D3D95E6005A7B87 /* Movies.h */,
				404340731D3D95E6005A7B87 /* Movies.m */,
				406D717D1D3EB1AD00B25FF1 /* MyLocationManager.h */,
				406D717E1D3EB1AD00B25FF1 /* MyLocationManager.m */,
				406D718A1D3EDC4200B25FF1 /* MovieLocationManager.h */,
				406D718B1D3EDC4200B25FF1 /* MovieLocationManager.m */,
				406D71871D3EB49E00B25FF1 /* Venue.h */,
				406D71881D3EB49E00B25FF1 /* Venue.m */,
				4043404A1D3D95B7005A7B87 /* Info.plist */,
			);
			name = Model;
			sourceTree = "<group>";
		};
/* End PBXGroup section */

/* Begin PBXNativeTarget section */
		404340351D3D95B7005A7B87 /* RottenMangoes */ = {
			isa = PBXNativeTarget;
			buildConfigurationList = 404340631D3D95B7005A7B87 /* Build configuration list for PBXNativeTarget "RottenMangoes" */;
			buildPhases = (
				404340321D3D95B7005A7B87 /* Sources */,
				404340331D3D95B7005A7B87 /* Frameworks */,
				404340341D3D95B7005A7B87 /* Resources */,
			);
			buildRules = (
			);
			dependencies = (
			);
			name = RottenMangoes;
			productName = RottenMangoes;
			productReference = 404340361D3D95B7005A7B87 /* RottenMangoes.app */;
			productType = "com.apple.product-type.application";
		};
		4043404E1D3D95B7005A7B87 /* RottenMangoesTests */ = {
			isa = PBXNativeTarget;
			buildConfigurationList = 404340661D3D95B7005A7B87 /* Build configuration list for PBXNativeTarget "RottenMangoesTests" */;
			buildPhases = (
				4043404B1D3D95B7005A7B87 /* Sources */,
				4043404C1D3D95B7005A7B87 /* Frameworks */,
				4043404D1D3D95B7005A7B87 /* Resources */,
			);
			buildRules = (
			);
			dependencies = (
				404340511D3D95B7005A7B87 /* PBXTargetDependency */,
			);
			name = RottenMangoesTests;
			productName = RottenMangoesTests;
			productReference = 4043404F1D3D95B7005A7B87 /* RottenMangoesTests.xctest */;
			productType = "com.apple.product-type.bundle.unit-test";
		};
		404340591D3D95B7005A7B87 /* RottenMangoesUITests */ = {
			isa = PBXNativeTarget;
			buildConfigurationList = 404340691D3D95B7005A7B87 /* Build configuration list for PBXNativeTarget "RottenMangoesUITests" */;
			buildPhases = (
				404340561D3D95B7005A7B87 /* Sources */,
				404340571D3D95B7005A7B87 /* Frameworks */,
				404340581D3D95B7005A7B87 /* Resources */,
			);
			buildRules = (
			);
			dependencies = (
				4043405C1D3D95B7005A7B87 /* PBXTargetDependency */,
			);
			name = RottenMangoesUITests;
			productName = RottenMangoesUITests;
			productReference = 4043405A1D3D95B7005A7B87 /* RottenMangoesUITests.xctest */;
			productType = "com.apple.product-type.bundle.ui-testing";
		};
/* End PBXNativeTarget section */

/* Begin PBXProject section */
		4043402E1D3D95B7005A7B87 /* Project object */ = {
			isa = PBXProject;
			attributes = {
				LastUpgradeCheck = 0730;
				ORGANIZATIONNAME = "Jeff Eom";
				TargetAttributes = {
					404340351D3D95B7005A7B87 = {
						CreatedOnToolsVersion = 7.3.1;
						DevelopmentTeam = RJSTWC7526;
					};
					4043404E1D3D95B7005A7B87 = {
						CreatedOnToolsVersion = 7.3.1;
						TestTargetID = 404340351D3D95B7005A7B87;
					};
					404340591D3D95B7005A7B87 = {
						CreatedOnToolsVersion = 7.3.1;
						TestTargetID = 404340351D3D95B7005A7B87;
					};
				};
			};
			buildConfigurationList = 404340311D3D95B7005A7B87 /* Build configuration list for PBXProject "RottenMangoes" */;
			compatibilityVersion = "Xcode 3.2";
			developmentRegion = English;
			hasScannedForEncodings = 0;
			knownRegions = (
				en,
				Base,
			);
			mainGroup = 4043402D1D3D95B7005A7B87;
			productRefGroup = 404340371D3D95B7005A7B87 /* Products */;
			projectDirPath = "";
			projectRoot = "";
			targets = (
				404340351D3D95B7005A7B87 /* RottenMangoes */,
				4043404E1D3D95B7005A7B87 /* RottenMangoesTests */,
				404340591D3D95B7005A7B87 /* RottenMangoesUITests */,
			);
		};
/* End PBXProject section */

/* Begin PBXResourcesBuildPhase section */
		404340341D3D95B7005A7B87 /* Resources */ = {
			isa = PBXResourcesBuildPhase;
			buildActionMask = 2147483647;
			files = (
				404340491D3D95B7005A7B87 /* LaunchScreen.storyboard in Resources */,
				404340461D3D95B7005A7B87 /* Assets.xcassets in Resources */,
				404340441D3D95B7005A7B87 /* Main.storyboard in Resources */,
			);
			runOnlyForDeploymentPostprocessing = 0;
		};
		4043404D1D3D95B7005A7B87 /* Resources */ = {
			isa = PBXResourcesBuildPhase;
			buildActionMask = 2147483647;
			files = (
			);
			runOnlyForDeploymentPostprocessing = 0;
		};
		404340581D3D95B7005A7B87 /* Resources */ = {
			isa = PBXResourcesBuildPhase;
			buildActionMask = 2147483647;
			files = (
			);
			runOnlyForDeploymentPostprocessing = 0;
		};
/* End PBXResourcesBuildPhase section */

/* Begin PBXSourcesBuildPhase section */
		404340321D3D95B7005A7B87 /* Sources */ = {
			isa = PBXSourcesBuildPhase;
			buildActionMask = 2147483647;
			files = (
				406D717F1D3EB1AD00B25FF1 /* MyLocationManager.m in Sources */,
				404340411D3D95B7005A7B87 /* ViewController.m in Sources */,
				406D71891D3EB49E00B25FF1 /* Venue.m in Sources */,
				4043403E1D3D95B7005A7B87 /* AppDelegate.m in Sources */,
				404340771D3DA5C1005A7B87 /* ReviewViewController.m in Sources */,
				404340741D3D95E6005A7B87 /* Movies.m in Sources */,
				4043406E1D3D95CC005A7B87 /* MyCollectionViewCell.m in Sources */,
				4043403B1D3D95B7005A7B87 /* main.m in Sources */,
				406D71791D3EB0C700B25FF1 /* MapViewController.m in Sources */,
				406D718C1D3EDC4200B25FF1 /* MovieLocationManager.m in Sources */,
			);
			runOnlyForDeploymentPostprocessing = 0;
		};
		4043404B1D3D95B7005A7B87 /* Sources */ = {
			isa = PBXSourcesBuildPhase;
			buildActionMask = 2147483647;
			files = (
				404340541D3D95B7005A7B87 /* RottenMangoesTests.m in Sources */,
			);
			runOnlyForDeploymentPostprocessing = 0;
		};
		404340561D3D95B7005A7B87 /* Sources */ = {
			isa = PBXSourcesBuildPhase;
			buildActionMask = 2147483647;
			files = (
				4043405F1D3D95B7005A7B87 /* RottenMangoesUITests.m in Sources */,
			);
			runOnlyForDeploymentPostprocessing = 0;
		};
/* End PBXSourcesBuildPhase section */

/* Begin PBXTargetDependency section */
		404340511D3D95B7005A7B87 /* PBXTargetDependency */ = {
			isa = PBXTargetDependency;
			target = 404340351D3D95B7005A7B87 /* RottenMangoes */;
			targetProxy = 404340501D3D95B7005A7B87 /* PBXContainerItemProxy */;
		};
		4043405C1D3D95B7005A7B87 /* PBXTargetDependency */ = {
			isa = PBXTargetDependency;
			target = 404340351D3D95B7005A7B87 /* RottenMangoes */;
			targetProxy = 4043405B1D3D95B7005A7B87 /* PBXContainerItemProxy */;
		};
/* End PBXTargetDependency section */

/* Begin PBXVariantGroup section */
		404340421D3D95B7005A7B87 /* Main.storyboard */ = {
			isa = PBXVariantGroup;
			children = (
				404340431D3D95B7005A7B87 /* Base */,
			);
			name = Main.storyboard;
			sourceTree = "<group>";
		};
		404340471D3D95B7005A7B87 /* LaunchScreen.storyboard */ = {
			isa = PBXVariantGroup;
			children = (
				404340481D3D95B7005A7B87 /* Base */,
			);
			name = LaunchScreen.storyboard;
			sourceTree = "<group>";
		};
/* End PBXVariantGroup section */

/* Begin XCBuildConfiguration section */
		404340611D3D95B7005A7B87 /* Debug */ = {
			isa = XCBuildConfiguration;
			buildSettings = {
				ALWAYS_SEARCH_USER_PATHS = NO;
				CLANG_ANALYZER_NONNULL = YES;
				CLANG_CXX_LANGUAGE_STANDARD = "gnu++0x";
				CLANG_CXX_LIBRARY = "libc++";
				CLANG_ENABLE_MODULES = YES;
				CLANG_ENABLE_OBJC_ARC = YES;
				CLANG_WARN_BOOL_CONVERSION = YES;
				CLANG_WARN_CONSTANT_CONVERSION = YES;
				CLANG_WARN_DIRECT_OBJC_ISA_USAGE = YES_ERROR;
				CLANG_WARN_EMPTY_BODY = YES;
				CLANG_WARN_ENUM_CONVERSION = YES;
				CLANG_WARN_INT_CONVERSION = YES;
				CLANG_WARN_OBJC_ROOT_CLASS = YES_ERROR;
				CLANG_WARN_UNREACHABLE_CODE = YES;
				CLANG_WARN__DUPLICATE_METHOD_MATCH = YES;
				"CODE_SIGN_IDENTITY[sdk=iphoneos*]" = "iPhone Developer";
				COPY_PHASE_STRIP = NO;
				DEBUG_INFORMATION_FORMAT = dwarf;
				ENABLE_STRICT_OBJC_MSGSEND = YES;
				ENABLE_TESTABILITY = YES;
				GCC_C_LANGUAGE_STANDARD = gnu99;
				GCC_DYNAMIC_NO_PIC = NO;
				GCC_NO_COMMON_BLOCKS = YES;
				GCC_OPTIMIZATION_LEVEL = 0;
				GCC_PREPROCESSOR_DEFINITIONS = (
					"DEBUG=1",
					"$(inherited)",
				);
				GCC_WARN_64_TO_32_BIT_CONVERSION = YES;
				GCC_WARN_ABOUT_RETURN_TYPE = YES_ERROR;
				GCC_WARN_UNDECLARED_SELECTOR = YES;
				GCC_WARN_UNINITIALIZED_AUTOS = YES_AGGRESSIVE;
				GCC_WARN_UNUSED_FUNCTION = YES;
				GCC_WARN_UNUSED_VARIABLE = YES;
				IPHONEOS_DEPLOYMENT_TARGET = 9.3;
				MTL_ENABLE_DEBUG_INFO = YES;
				ONLY_ACTIVE_ARCH = YES;
				SDKROOT = iphoneos;
			};
			name = Debug;
		};
		404340621D3D95B7005A7B87 /* Release */ = {
			isa = XCBuildConfiguration;
			buildSettings = {
				ALWAYS_SEARCH_USER_PATHS = NO;
				CLANG_ANALYZER_NONNULL = YES;
				CLANG_CXX_LANGUAGE_STANDARD = "gnu++0x";
				CLANG_CXX_LIBRARY = "libc++";
				CLANG_ENABLE_MODULES = YES;
				CLANG_ENABLE_OBJC_ARC = YES;
				CLANG_WARN_BOOL_CONVERSION = YES;
				CLANG_WARN_CONSTANT_CONVERSION = YES;
				CLANG_WARN_DIRECT_OBJC_ISA_USAGE = YES_ERROR;
				CLANG_WARN_EMPTY_BODY = YES;
				CLANG_WARN_ENUM_CONVERSION = YES;
				CLANG_WARN_INT_CONVERSION = YES;
				CLANG_WARN_OBJC_ROOT_CLASS = YES_ERROR;
				CLANG_WARN_UNREACHABLE_CODE = YES;
				CLANG_WARN__DUPLICATE_METHOD_MATCH = YES;
				"CODE_SIGN_IDENTITY[sdk=iphoneos*]" = "iPhone Developer";
				COPY_PHASE_STRIP = NO;
				DEBUG_INFORMATION_FORMAT = "dwarf-with-dsym";
				ENABLE_NS_ASSERTIONS = NO;
				ENABLE_STRICT_OBJC_MSGSEND = YES;
				GCC_C_LANGUAGE_STANDARD = gnu99;
				GCC_NO_COMMON_BLOCKS = YES;
				GCC_WARN_64_TO_32_BIT_CONVERSION = YES;
				GCC_WARN_ABOUT_RETURN_TYPE = YES_ERROR;
				GCC_WARN_UNDECLARED_SELECTOR = YES;
				GCC_WARN_UNINITIALIZED_AUTOS = YES_AGGRESSIVE;
				GCC_WARN_UNUSED_FUNCTION = YES;
				GCC_WARN_UNUSED_VARIABLE = YES;
				IPHONEOS_DEPLOYMENT_TARGET = 9.3;
				MTL_ENABLE_DEBUG_INFO = NO;
				SDKROOT = iphoneos;
				VALIDATE_PRODUCT = YES;
			};
			name = Release;
		};
		404340641D3D95B7005A7B87 /* Debug */ = {
			isa = XCBuildConfiguration;
			buildSettings = {
				ASSETCATALOG_COMPILER_APPICON_NAME = AppIcon;
				CODE_SIGN_IDENTITY = "iPhone Developer";
				"CODE_SIGN_IDENTITY[sdk=iphoneos*]" = "iPhone Developer";
				INFOPLIST_FILE = RottenMangoes/Info.plist;
				LD_RUNPATH_SEARCH_PATHS = "$(inherited) @executable_path/Frameworks";
				PRODUCT_BUNDLE_IDENTIFIER = jeffeom.RottenMangoes;
				PRODUCT_NAME = "$(TARGET_NAME)";
				PROVISIONING_PROFILE = "";
			};
			name = Debug;
		};
		404340651D3D95B7005A7B87 /* Release */ = {
			isa = XCBuildConfiguration;
			buildSettings = {
				ASSETCATALOG_COMPILER_APPICON_NAME = AppIcon;
				CODE_SIGN_IDENTITY = "iPhone Developer";
				"CODE_SIGN_IDENTITY[sdk=iphoneos*]" = "iPhone Developer";
				INFOPLIST_FILE = RottenMangoes/Info.plist;
				LD_RUNPATH_SEARCH_PATHS = "$(inherited) @executable_path/Frameworks";
				PRODUCT_BUNDLE_IDENTIFIER = jeffeom.RottenMangoes;
				PRODUCT_NAME = "$(TARGET_NAME)";
				PROVISIONING_PROFILE = "";
			};
			name = Release;
		};
		404340671D3D95B7005A7B87 /* Debug */ = {
			isa = XCBuildConfiguration;
			buildSettings = {
				BUNDLE_LOADER = "$(TEST_HOST)";
				INFOPLIST_FILE = RottenMangoesTests/Info.plist;
				LD_RUNPATH_SEARCH_PATHS = "$(inherited) @executable_path/Frameworks @loader_path/Frameworks";
				PRODUCT_BUNDLE_IDENTIFIER = jeffeom.RottenMangoesTests;
				PRODUCT_NAME = "$(TARGET_NAME)";
				TEST_HOST = "$(BUILT_PRODUCTS_DIR)/RottenMangoes.app/RottenMangoes";
			};
			name = Debug;
		};
		404340681D3D95B7005A7B87 /* Release */ = {
			isa = XCBuildConfiguration;
			buildSettings = {
				BUNDLE_LOADER = "$(TEST_HOST)";
				INFOPLIST_FILE = RottenMangoesTests/Info.plist;
				LD_RUNPATH_SEARCH_PATHS = "$(inherited) @executable_path/Frameworks @loader_path/Frameworks";
				PRODUCT_BUNDLE_IDENTIFIER = jeffeom.RottenMangoesTests;
				PRODUCT_NAME = "$(TARGET_NAME)";
				TEST_HOST = "$(BUILT_PRODUCTS_DIR)/RottenMangoes.app/RottenMangoes";
			};
			name = Release;
		};
		4043406A1D3D95B7005A7B87 /* Debug */ = {
			isa = XCBuildConfiguration;
			buildSettings = {
				INFOPLIST_FILE = RottenMangoesUITests/Info.plist;
				LD_RUNPATH_SEARCH_PATHS = "$(inherited) @executable_path/Frameworks @loader_path/Frameworks";
				PRODUCT_BUNDLE_IDENTIFIER = jeffeom.RottenMangoesUITests;
				PRODUCT_NAME = "$(TARGET_NAME)";
				TEST_TARGET_NAME = RottenMangoes;
			};
			name = Debug;
		};
		4043406B1D3D95B7005A7B87 /* Release */ = {
			isa = XCBuildConfiguration;
			buildSettings = {
				INFOPLIST_FILE = RottenMangoesUITests/Info.plist;
				LD_RUNPATH_SEARCH_PATHS = "$(inherited) @executable_path/Frameworks @loader_path/Frameworks";
				PRODUCT_BUNDLE_IDENTIFIER = jeffeom.RottenMangoesUITests;
				PRODUCT_NAME = "$(TARGET_NAME)";
				TEST_TARGET_NAME = RottenMangoes;
			};
			name = Release;
		};
/* End XCBuildConfiguration section */

/* Begin XCConfigurationList section */
		404340311D3D95B7005A7B87 /* Build configuration list for PBXProject "RottenMangoes" */ = {
			isa = XCConfigurationList;
			buildConfigurations = (
				404340611D3D95B7005A7B87 /* Debug */,
				404340621D3D95B7005A7B87 /* Release */,
			);
			defaultConfigurationIsVisible = 0;
			defaultConfigurationName = Release;
		};
		404340631D3D95B7005A7B87 /* Build configuration list for PBXNativeTarget "RottenMangoes" */ = {
			isa = XCConfigurationList;
			buildConfigurations = (
				404340641D3D95B7005A7B87 /* Debug */,
				404340651D3D95B7005A7B87 /* Release */,
			);
			defaultConfigurationIsVisible = 0;
			defaultConfigurationName = Release;
		};
		404340661D3D95B7005A7B87 /* Build configuration list for PBXNativeTarget "RottenMangoesTests" */ = {
			isa = XCConfigurationList;
			buildConfigurations = (
				404340671D3D95B7005A7B87 /* Debug */,
				404340681D3D95B7005A7B87 /* Release */,
			);
			defaultConfigurationIsVisible = 0;
			defaultConfigurationName = Release;
		};
		404340691D3D95B7005A7B87 /* Build configuration list for PBXNativeTarget "RottenMangoesUITests" */ = {
			isa = XCConfigurationList;
			buildConfigurations = (
				4043406A1D3D95B7005A7B87 /* Debug */,
				4043406B1D3D95B7005A7B87 /* Release */,
			);
			defaultConfigurationIsVisible = 0;
			defaultConfigurationName = Release;
		};
/* End XCConfigurationList section */
	};
	rootObject = 4043402E1D3D95B7005A7B87 /* Project object */;
}
